
Microsoft Visual Studio Solution File, Format Version 12.00
# Visual Studio Version 16
VisualStudioVersion = 16.0.31424.327
MinimumVisualStudioVersion = 10.0.40219.1
Project("{FAE04EC0-301F-11D3-BF4B-00C04F79EFBC}") = "BlogLab.Web", "BlogLab.Web\BlogLab.Web.csproj", "{3A053AD4-4E76-4DEF-A6ED-64B4E5991E46}"
EndProject
Project("{FAE04EC0-301F-11D3-BF4B-00C04F79EFBC}") = "BlogLab.Models", "BlogLab.Models\BlogLab.Models.csproj", "{35CBD29E-02BF-401C-A344-1702818FAFBA}"
EndProject
Project("{FAE04EC0-301F-11D3-BF4B-00C04F79EFBC}") = "BlogLab.Repository", "BlogLab.Repository\BlogLab.Repository.csproj", "{A7CA0F69-D143-40C4-9F9B-254E6CE1789A}"
EndProject
Project("{FAE04EC0-301F-11D3-BF4B-00C04F79EFBC}") = "BlogLab.Identity", "BlogLab.Identity\BlogLab.Identity.csproj", "{CC4F6D56-B8F9-44A0-9EE6-68F52DA9916E}"
EndProject
Project("{FAE04EC0-301F-11D3-BF4B-00C04F79EFBC}") = "BlogLab.Services", "BlogLab.Services\BlogLab.Services.csproj", "{EE0EF61A-E017-4C46-8027-75B82F7FD8D5}"
EndProject
Global
	GlobalSection(SolutionConfigurationPlatforms) = preSolution
		Debug|Any CPU = Debug|Any CPU
		Release|Any CPU = Release|Any CPU
	EndGlobalSection
	GlobalSection(ProjectConfigurationPlatforms) = postSolution
		{3A053AD4-4E76-4DEF-A6ED-64B4E5991E46}.Debug|Any CPU.ActiveCfg = Debug|Any CPU
		{3A053AD4-4E76-4DEF-A6ED-64B4E5991E46}.Debug|Any CPU.Build.0 = Debug|Any CPU
		{3A053AD4-4E76-4DEF-A6ED-64B4E5991E46}.Release|Any CPU.ActiveCfg = Release|Any CPU
		{3A053AD4-4E76-4DEF-A6ED-64B4E5991E46}.Release|Any CPU.Build.0 = Release|Any CPU
		{35CBD29E-02BF-401C-A344-1702818FAFBA}.Debug|Any CPU.ActiveCfg = Debug|Any CPU
		{35CBD29E-02BF-401C-A344-1702818FAFBA}.Debug|Any CPU.Build.0 = Debug|Any CPU
		{35CBD29E-02BF-401C-A344-1702818FAFBA}.Release|Any CPU.ActiveCfg = Release|Any CPU
		{35CBD29E-02BF-401C-A344-1702818FAFBA}.Release|Any CPU.Build.0 = Release|Any CPU
		{A7CA0F69-D143-40C4-9F9B-254E6CE1789A}.Debug|Any CPU.ActiveCfg = Debug|Any CPU
		{A7CA0F69-D143-40C4-9F9B-254E6CE1789A}.Debug|Any CPU.Build.0 = Debug|Any CPU
		{A7CA0F69-D143-40C4-9F9B-254E6CE1789A}.Release|Any CPU.ActiveCfg = Release|Any CPU
		{A7CA0F69-D143-40C4-9F9B-254E6CE1789A}.Release|Any CPU.Build.0 = Release|Any CPU
		{CC4F6D56-B8F9-44A0-9EE6-68F52DA9916E}.Debug|Any CPU.ActiveCfg = Debug|Any CPU
		{CC4F6D56-B8F9-44A0-9EE6-68F52DA9916E}.Debug|Any CPU.Build.0 = Debug|Any CPU
		{CC4F6D56-B8F9-44A0-9EE6-68F52DA9916E}.Release|Any CPU.ActiveCfg = Release|Any CPU
		{CC4F6D56-B8F9-44A0-9EE6-68F52DA9916E}.Release|Any CPU.Build.0 = Release|Any CPU
		{EE0EF61A-E017-4C46-8027-75B82F7FD8D5}.Debug|Any CPU.ActiveCfg = Debug|Any CPU
		{EE0EF61A-E017-4C46-8027-75B82F7FD8D5}.Debug|Any CPU.Build.0 = Debug|Any CPU
		{EE0EF61A-E017-4C46-8027-75B82F7FD8D5}.Release|Any CPU.ActiveCfg = Release|Any CPU
		{EE0EF61A-E017-4C46-8027-75B82F7FD8D5}.Release|Any CPU.Build.0 = Release|Any CPU
	EndGlobalSection
	GlobalSection(SolutionProperties) = preSolution
		HideSolutionNode = FALSE
	EndGlobalSection
	GlobalSection(ExtensibilityGlobals) = postSolution
		SolutionGuid = {D88985ED-A43D-43CC-B929-F475B4983D80}
	EndGlobalSection
EndGlobal
